
Microsoft Visual Studio Solution File, Format Version 12.00
# Visual Studio Version 17
VisualStudioVersion = 17.11.35327.3
MinimumVisualStudioVersion = 10.0.40219.1
Project("{54A90642-561A-4BB1-A94E-469ADEE60C69}") = "reactbankapp.client", "src\reactbankapp.client\reactbankapp.client.esproj", "{6E2CD39A-B691-40ED-A5B2-0920AAD513FF}"
EndProject
Project("{9A19103F-16F7-4668-BE54-9A1E7A4F7556}") = "ReactBankApp.Server", "src\ReactBankApp.Server\ReactBankApp.Server.csproj", "{3490DACA-8A30-456A-BD66-395E43498ED7}"
EndProject
Project("{2150E333-8FDC-42A3-9474-1A3956D46DE8}") = "src", "src", "{88613DD5-599C-4448-8FFC-320F86942BAD}"
EndProject
Project("{2150E333-8FDC-42A3-9474-1A3956D46DE8}") = "test", "test", "{53F68C7E-FC71-4840-942E-E55159FFDDD8}"
EndProject
Project("{2150E333-8FDC-42A3-9474-1A3956D46DE8}") = "1 - Presentation", "1 - Presentation", "{1D4EDAF2-5709-4AAE-80B5-2F104A467160}"
EndProject
Project("{2150E333-8FDC-42A3-9474-1A3956D46DE8}") = "2 - Server", "2 - Server", "{C7C2A6DA-9606-45CE-9634-6BD52DDD9010}"
EndProject
Project("{2150E333-8FDC-42A3-9474-1A3956D46DE8}") = "3 - Application", "3 - Application", "{2CF39584-CFF2-4453-B84F-4E15CA98A01A}"
EndProject
Project("{2150E333-8FDC-42A3-9474-1A3956D46DE8}") = "4 - Domain", "4 - Domain", "{EBE879BE-C183-4904-BE47-39C004F72FEF}"
EndProject
Project("{2150E333-8FDC-42A3-9474-1A3956D46DE8}") = "5 - Infra", "5 - Infra", "{6828063F-3C60-4570-BFEE-3ED6F6D3D687}"
EndProject
Project("{2150E333-8FDC-42A3-9474-1A3956D46DE8}") = "5.1 - Data", "5.1 - Data", "{32599917-CE59-464C-BE40-BA4CAFF57BFB}"
EndProject
Project("{2150E333-8FDC-42A3-9474-1A3956D46DE8}") = "5.2 - CrossCutting", "5.2 - CrossCutting", "{97F510EE-B869-4C78-BA3F-7E1195309F65}"
EndProject
Project("{FAE04EC0-301F-11D3-BF4B-00C04F79EFBC}") = "ReactBank.Domain", "src\ReactBank.Domain\ReactBank.Domain.csproj", "{6DEAA6BB-2BBF-4655-AE5E-216F5588918A}"
EndProject
Project("{FAE04EC0-301F-11D3-BF4B-00C04F79EFBC}") = "ReactBank.Domain.Core", "src\ReactBank.Domain.Core\ReactBank.Domain.Core.csproj", "{807E57DA-828F-40AC-9CAC-0E3FDEAE0A19}"
EndProject
Project("{FAE04EC0-301F-11D3-BF4B-00C04F79EFBC}") = "ReactBank.Infra.Data", "src\ReactBank.Infra.Data\ReactBank.Infra.Data.csproj", "{46BCD2BF-6A9B-48E2-8189-8F6020BE976B}"
EndProject
Global
	GlobalSection(SolutionConfigurationPlatforms) = preSolution
		Debug|Any CPU = Debug|Any CPU
		Release|Any CPU = Release|Any CPU
	EndGlobalSection
	GlobalSection(ProjectConfigurationPlatforms) = postSolution
		{6E2CD39A-B691-40ED-A5B2-0920AAD513FF}.Debug|Any CPU.ActiveCfg = Debug|Any CPU
		{6E2CD39A-B691-40ED-A5B2-0920AAD513FF}.Debug|Any CPU.Build.0 = Debug|Any CPU
		{6E2CD39A-B691-40ED-A5B2-0920AAD513FF}.Debug|Any CPU.Deploy.0 = Debug|Any CPU
		{6E2CD39A-B691-40ED-A5B2-0920AAD513FF}.Release|Any CPU.ActiveCfg = Release|Any CPU
		{6E2CD39A-B691-40ED-A5B2-0920AAD513FF}.Release|Any CPU.Build.0 = Release|Any CPU
		{6E2CD39A-B691-40ED-A5B2-0920AAD513FF}.Release|Any CPU.Deploy.0 = Release|Any CPU
		{3490DACA-8A30-456A-BD66-395E43498ED7}.Debug|Any CPU.ActiveCfg = Debug|Any CPU
		{3490DACA-8A30-456A-BD66-395E43498ED7}.Debug|Any CPU.Build.0 = Debug|Any CPU
		{3490DACA-8A30-456A-BD66-395E43498ED7}.Release|Any CPU.ActiveCfg = Release|Any CPU
		{3490DACA-8A30-456A-BD66-395E43498ED7}.Release|Any CPU.Build.0 = Release|Any CPU
		{6DEAA6BB-2BBF-4655-AE5E-216F5588918A}.Debug|Any CPU.ActiveCfg = Debug|Any CPU
		{6DEAA6BB-2BBF-4655-AE5E-216F5588918A}.Debug|Any CPU.Build.0 = Debug|Any CPU
		{6DEAA6BB-2BBF-4655-AE5E-216F5588918A}.Release|Any CPU.ActiveCfg = Release|Any CPU
		{6DEAA6BB-2BBF-4655-AE5E-216F5588918A}.Release|Any CPU.Build.0 = Release|Any CPU
		{807E57DA-828F-40AC-9CAC-0E3FDEAE0A19}.Debug|Any CPU.ActiveCfg = Debug|Any CPU
		{807E57DA-828F-40AC-9CAC-0E3FDEAE0A19}.Debug|Any CPU.Build.0 = Debug|Any CPU
		{807E57DA-828F-40AC-9CAC-0E3FDEAE0A19}.Release|Any CPU.ActiveCfg = Release|Any CPU
		{807E57DA-828F-40AC-9CAC-0E3FDEAE0A19}.Release|Any CPU.Build.0 = Release|Any CPU
		{46BCD2BF-6A9B-48E2-8189-8F6020BE976B}.Debug|Any CPU.ActiveCfg = Debug|Any CPU
		{46BCD2BF-6A9B-48E2-8189-8F6020BE976B}.Debug|Any CPU.Build.0 = Debug|Any CPU
		{46BCD2BF-6A9B-48E2-8189-8F6020BE976B}.Release|Any CPU.ActiveCfg = Release|Any CPU
		{46BCD2BF-6A9B-48E2-8189-8F6020BE976B}.Release|Any CPU.Build.0 = Release|Any CPU
	EndGlobalSection
	GlobalSection(SolutionProperties) = preSolution
		HideSolutionNode = FALSE
	EndGlobalSection
	GlobalSection(NestedProjects) = preSolution
		{6E2CD39A-B691-40ED-A5B2-0920AAD513FF} = {1D4EDAF2-5709-4AAE-80B5-2F104A467160}
		{3490DACA-8A30-456A-BD66-395E43498ED7} = {C7C2A6DA-9606-45CE-9634-6BD52DDD9010}
		{1D4EDAF2-5709-4AAE-80B5-2F104A467160} = {88613DD5-599C-4448-8FFC-320F86942BAD}
		{C7C2A6DA-9606-45CE-9634-6BD52DDD9010} = {88613DD5-599C-4448-8FFC-320F86942BAD}
		{2CF39584-CFF2-4453-B84F-4E15CA98A01A} = {88613DD5-599C-4448-8FFC-320F86942BAD}
		{EBE879BE-C183-4904-BE47-39C004F72FEF} = {88613DD5-599C-4448-8FFC-320F86942BAD}
		{6828063F-3C60-4570-BFEE-3ED6F6D3D687} = {88613DD5-599C-4448-8FFC-320F86942BAD}
		{32599917-CE59-464C-BE40-BA4CAFF57BFB} = {6828063F-3C60-4570-BFEE-3ED6F6D3D687}
		{97F510EE-B869-4C78-BA3F-7E1195309F65} = {6828063F-3C60-4570-BFEE-3ED6F6D3D687}
		{6DEAA6BB-2BBF-4655-AE5E-216F5588918A} = {EBE879BE-C183-4904-BE47-39C004F72FEF}
		{807E57DA-828F-40AC-9CAC-0E3FDEAE0A19} = {EBE879BE-C183-4904-BE47-39C004F72FEF}
		{46BCD2BF-6A9B-48E2-8189-8F6020BE976B} = {32599917-CE59-464C-BE40-BA4CAFF57BFB}
	EndGlobalSection
	GlobalSection(ExtensibilityGlobals) = postSolution
		SolutionGuid = {9865B7A5-161A-4C60-96B0-5834E5B17EE0}
	EndGlobalSection
EndGlobal
